
Microsoft Visual Studio Solution File, Format Version 12.00
# Visual Studio 15
VisualStudioVersion = 15.0.27428.2043
MinimumVisualStudioVersion = 10.0.40219.1
Project("{FAE04EC0-301F-11D3-BF4B-00C04F79EFBC}") = "BibliotecaModelos", "BibliotecaModelos\BibliotecaModelos.csproj", "{71A398D6-CF49-40C3-A35C-AE30A750BF43}"
EndProject
Project("{FAE04EC0-301F-11D3-BF4B-00C04F79EFBC}") = "SapatosWeb", "SapatosWeb\SapatosWeb.csproj", "{F69D4E0C-01E5-4D34-98B9-64DD71AE1396}"
EndProject
Global
	GlobalSection(SolutionConfigurationPlatforms) = preSolution
		Debug|Any CPU = Debug|Any CPU
		Release|Any CPU = Release|Any CPU
	EndGlobalSection
	GlobalSection(ProjectConfigurationPlatforms) = postSolution
		{71A398D6-CF49-40C3-A35C-AE30A750BF43}.Debug|Any CPU.ActiveCfg = Debug|Any CPU
		{71A398D6-CF49-40C3-A35C-AE30A750BF43}.Debug|Any CPU.Build.0 = Debug|Any CPU
		{71A398D6-CF49-40C3-A35C-AE30A750BF43}.Release|Any CPU.ActiveCfg = Release|Any CPU
		{71A398D6-CF49-40C3-A35C-AE30A750BF43}.Release|Any CPU.Build.0 = Release|Any CPU
		{F69D4E0C-01E5-4D34-98B9-64DD71AE1396}.Debug|Any CPU.ActiveCfg = Debug|Any CPU
		{F69D4E0C-01E5-4D34-98B9-64DD71AE1396}.Debug|Any CPU.Build.0 = Debug|Any CPU
		{F69D4E0C-01E5-4D34-98B9-64DD71AE1396}.Release|Any CPU.ActiveCfg = Release|Any CPU
		{F69D4E0C-01E5-4D34-98B9-64DD71AE1396}.Release|Any CPU.Build.0 = Release|Any CPU
	EndGlobalSection
	GlobalSection(SolutionProperties) = preSolution
		HideSolutionNode = FALSE
	EndGlobalSection
	GlobalSection(ExtensibilityGlobals) = postSolution
		SolutionGuid = {E119727D-043C-4E41-9AA2-8798684B14B2}
	EndGlobalSection
EndGlobal
