
Microsoft Visual Studio Solution File, Format Version 12.00
# Visual Studio 15
VisualStudioVersion = 15.0.27428.2043
MinimumVisualStudioVersion = 10.0.40219.1
Project("{FAE04EC0-301F-11D3-BF4B-00C04F79EFBC}") = "BibliotecaSapato", "BibliotecaSapato\BibliotecaSapato.csproj", "{FC08B697-7982-4DC8-A517-EE1859D24AEB}"
EndProject
Global
	GlobalSection(SolutionConfigurationPlatforms) = preSolution
		Debug|Any CPU = Debug|Any CPU
		Release|Any CPU = Release|Any CPU
	EndGlobalSection
	GlobalSection(ProjectConfigurationPlatforms) = postSolution
		{FC08B697-7982-4DC8-A517-EE1859D24AEB}.Debug|Any CPU.ActiveCfg = Debug|Any CPU
		{FC08B697-7982-4DC8-A517-EE1859D24AEB}.Debug|Any CPU.Build.0 = Debug|Any CPU
		{FC08B697-7982-4DC8-A517-EE1859D24AEB}.Release|Any CPU.ActiveCfg = Release|Any CPU
		{FC08B697-7982-4DC8-A517-EE1859D24AEB}.Release|Any CPU.Build.0 = Release|Any CPU
	EndGlobalSection
	GlobalSection(SolutionProperties) = preSolution
		HideSolutionNode = FALSE
	EndGlobalSection
	GlobalSection(ExtensibilityGlobals) = postSolution
		SolutionGuid = {E119727D-043C-4E41-9AA2-8798684B14B2}
	EndGlobalSection
EndGlobal
